
Microsoft Visual Studio Solution File, Format Version 12.00
# Visual Studio Version 16
VisualStudioVersion = 16.0.33130.400
MinimumVisualStudioVersion = 10.0.40219.1
Project("{FAE04EC0-301F-11D3-BF4B-00C04F79EFBC}") = "CityBikeApplication", "CityBikeApplication\CityBikeApplication.csproj", "{26F4DD6E-E9E7-4543-B02E-81940EE438AC}"
EndProject
Global
	GlobalSection(SolutionConfigurationPlatforms) = preSolution
		Debug|Any CPU = Debug|Any CPU
		Release|Any CPU = Release|Any CPU
	EndGlobalSection
	GlobalSection(ProjectConfigurationPlatforms) = postSolution
		{26F4DD6E-E9E7-4543-B02E-81940EE438AC}.Debug|Any CPU.ActiveCfg = Debug|Any CPU
		{26F4DD6E-E9E7-4543-B02E-81940EE438AC}.Debug|Any CPU.Build.0 = Debug|Any CPU
		{26F4DD6E-E9E7-4543-B02E-81940EE438AC}.Release|Any CPU.ActiveCfg = Release|Any CPU
		{26F4DD6E-E9E7-4543-B02E-81940EE438AC}.Release|Any CPU.Build.0 = Release|Any CPU
	EndGlobalSection
	GlobalSection(SolutionProperties) = preSolution
		HideSolutionNode = FALSE
	EndGlobalSection
	GlobalSection(ExtensibilityGlobals) = postSolution
		SolutionGuid = {B19FEB7A-33EF-4EE5-8FE6-42B566E4CFD3}
	EndGlobalSection
EndGlobal
